{
	"format_version": "0.1",
	"terraform_version": "0.15.3",
	"planned_values": {
		"root_module": {
			"resources": [{
				"address": "google_kms_crypto_key.test",
				"mode": "managed",
				"type": "google_kms_crypto_key",
				"name": "test",
				"provider_name": "registry.terraform.io/hashicorp/google",
				"schema_version": 1,
				"values": {
					"key_ring": "key-ring-test",
					"labels": null,
					"name": "crypto-key-example",
					"purpose": "ENCRYPT_DECRYPT",
					"rotation_period": null,
					"skip_initial_version_creation": true,
					"timeouts": null
				}
			}]
		}
	},
	"resource_changes": [{
		"address": "google_kms_crypto_key.test",
		"mode": "managed",
		"type": "google_kms_crypto_key",
		"name": "test",
		"provider_name": "registry.terraform.io/hashicorp/google",
		"change": {
			"actions": ["create"],
			"before": null,
			"after": {
				"key_ring": "key-ring-test",
				"labels": null,
				"name": "crypto-key-example",
				"purpose": "ENCRYPT_DECRYPT",
				"rotation_period": null,
				"skip_initial_version_creation": true,
				"timeouts": null
			},
			"after_unknown": {
				"id": true,
				"self_link": true,
				"version_template": true
			},
			"before_sensitive": false,
			"after_sensitive": {
				"version_template": []
			}
		}
	}],
	"configuration": {
		"provider_config": {
      "google": {
        "name": "google",
        "expressions": {
          "project": {
            "constant_value": "{{.Provider.project}}"
          }
        }
      }
		},
		"root_module": {
			"resources": [{
				"address": "google_kms_crypto_key.test",
				"mode": "managed",
				"type": "google_kms_crypto_key",
				"name": "test",
				"provider_config_key": "google",
				"expressions": {
					"key_ring": {
						"constant_value": "key-ring-test"
					},
					"name": {
						"constant_value": "crypto-key-example"
					},
					"skip_initial_version_creation": {
						"constant_value": true
					}
				},
				"schema_version": 1
			}]
		}
	}
}